
Microsoft Visual Studio Solution File, Format Version 12.00
# Visual Studio 15
VisualStudioVersion = 15.0.26730.10
MinimumVisualStudioVersion = 10.0.40219.1
Project("{FAE04EC0-301F-11D3-BF4B-00C04F79EFBC}") = "JosephM.Xrm.BulkImporterSample.Plugins", "JosephM.Xrm.BulkImporterSample.Plugins\JosephM.Xrm.BulkImporterSample.Plugins.csproj", "{2CC0419A-9CDF-46AF-8F7B-4839DD5F39B5}"
EndProject
Project("{FAE04EC0-301F-11D3-BF4B-00C04F79EFBC}") = "JosephM.Xrm.BulkImporterSample.Plugins.Test", "JosephM.Xrm.BulkImporterSample.Plugins.Test\JosephM.Xrm.BulkImporterSample.Plugins.Test.csproj", "{F59E6AEF-2023-472F-988B-23B5FBBE3322}"
EndProject
Project("{FAE04EC0-301F-11D3-BF4B-00C04F79EFBC}") = "JosephM.Xrm.BulkImporterSample.WebResources", "JosephM.Xrm.BulkImporterSample.WebResources\JosephM.Xrm.BulkImporterSample.WebResources.csproj", "{8BC56C3D-4289-4507-B0D9-321DF90F3E1E}"
EndProject
Project("{FAE04EC0-301F-11D3-BF4B-00C04F79EFBC}") = "JosephM.Xrm.BulkImporterSample.Console", "JosephM.Xrm.BulkImporterSample.Console\JosephM.Xrm.BulkImporterSample.Console.csproj", "{147ACA64-2605-4157-9AED-B512B3E327CC}"
EndProject
Project("{2150E333-8FDC-42A3-9474-1A3956D46DE8}") = "SolutionItems", "SolutionItems", "{A69C9C0C-9BAE-4AF1-B770-4B442145E142}"
	ProjectSection(SolutionItems) = preProject
		SolutionItems\solution.xrmconnection = SolutionItems\solution.xrmconnection
		SolutionItems\xrmpackage.xrmsettings = SolutionItems\xrmpackage.xrmsettings
	EndProjectSection
EndProject
Project("{2150E333-8FDC-42A3-9474-1A3956D46DE8}") = "Releases", "Releases", "{5CA3DE6F-F3ED-48D4-B724-AFA73CCBCC69}"
EndProject
Project("{2150E333-8FDC-42A3-9474-1A3956D46DE8}") = "1.0.0.0", "1.0.0.0", "{D32DF854-686A-406D-AD9E-CE1B85D7F9F9}"
	ProjectSection(SolutionItems) = preProject
		Releases\1.0.0.0\BulkImporterSample_1_0_0_0.zip = Releases\1.0.0.0\BulkImporterSample_1_0_0_0.zip
	EndProjectSection
EndProject
Global
	GlobalSection(SolutionConfigurationPlatforms) = preSolution
		Debug|Any CPU = Debug|Any CPU
		Release|Any CPU = Release|Any CPU
	EndGlobalSection
	GlobalSection(ProjectConfigurationPlatforms) = postSolution
		{2CC0419A-9CDF-46AF-8F7B-4839DD5F39B5}.Debug|Any CPU.ActiveCfg = Debug|Any CPU
		{2CC0419A-9CDF-46AF-8F7B-4839DD5F39B5}.Debug|Any CPU.Build.0 = Debug|Any CPU
		{2CC0419A-9CDF-46AF-8F7B-4839DD5F39B5}.Release|Any CPU.ActiveCfg = Release|Any CPU
		{2CC0419A-9CDF-46AF-8F7B-4839DD5F39B5}.Release|Any CPU.Build.0 = Release|Any CPU
		{F59E6AEF-2023-472F-988B-23B5FBBE3322}.Debug|Any CPU.ActiveCfg = Debug|Any CPU
		{F59E6AEF-2023-472F-988B-23B5FBBE3322}.Debug|Any CPU.Build.0 = Debug|Any CPU
		{F59E6AEF-2023-472F-988B-23B5FBBE3322}.Release|Any CPU.ActiveCfg = Release|Any CPU
		{F59E6AEF-2023-472F-988B-23B5FBBE3322}.Release|Any CPU.Build.0 = Release|Any CPU
		{8BC56C3D-4289-4507-B0D9-321DF90F3E1E}.Debug|Any CPU.ActiveCfg = Debug|Any CPU
		{8BC56C3D-4289-4507-B0D9-321DF90F3E1E}.Debug|Any CPU.Build.0 = Debug|Any CPU
		{8BC56C3D-4289-4507-B0D9-321DF90F3E1E}.Release|Any CPU.ActiveCfg = Release|Any CPU
		{8BC56C3D-4289-4507-B0D9-321DF90F3E1E}.Release|Any CPU.Build.0 = Release|Any CPU
		{147ACA64-2605-4157-9AED-B512B3E327CC}.Debug|Any CPU.ActiveCfg = Debug|Any CPU
		{147ACA64-2605-4157-9AED-B512B3E327CC}.Debug|Any CPU.Build.0 = Debug|Any CPU
		{147ACA64-2605-4157-9AED-B512B3E327CC}.Release|Any CPU.ActiveCfg = Release|Any CPU
		{147ACA64-2605-4157-9AED-B512B3E327CC}.Release|Any CPU.Build.0 = Release|Any CPU
	EndGlobalSection
	GlobalSection(SolutionProperties) = preSolution
		HideSolutionNode = FALSE
	EndGlobalSection
	GlobalSection(NestedProjects) = preSolution
		{D32DF854-686A-406D-AD9E-CE1B85D7F9F9} = {5CA3DE6F-F3ED-48D4-B724-AFA73CCBCC69}
	EndGlobalSection
	GlobalSection(ExtensibilityGlobals) = postSolution
		SolutionGuid = {C9F7FF51-4954-43BE-82E1-4D470360E98F}
	EndGlobalSection
EndGlobal
